
Microsoft Visual Studio Solution File, Format Version 12.00
# Visual Studio Version 16
VisualStudioVersion = 16.0.28917.181
MinimumVisualStudioVersion = 10.0.40219.1
Project("{FAE04EC0-301F-11D3-BF4B-00C04F79EFBC}") = "Ara", "Ara\Ara.csproj", "{CB6845D9-56A5-45AD-9EC0-27FFC98F80AE}"
EndProject
Global
	GlobalSection(SolutionConfigurationPlatforms) = preSolution
		Debug|Any CPU = Debug|Any CPU
		Release|Any CPU = Release|Any CPU
	EndGlobalSection
	GlobalSection(ProjectConfigurationPlatforms) = postSolution
		{CB6845D9-56A5-45AD-9EC0-27FFC98F80AE}.Debug|Any CPU.ActiveCfg = Debug|Any CPU
		{CB6845D9-56A5-45AD-9EC0-27FFC98F80AE}.Debug|Any CPU.Build.0 = Debug|Any CPU
		{CB6845D9-56A5-45AD-9EC0-27FFC98F80AE}.Release|Any CPU.ActiveCfg = Release|Any CPU
		{CB6845D9-56A5-45AD-9EC0-27FFC98F80AE}.Release|Any CPU.Build.0 = Release|Any CPU
	EndGlobalSection
	GlobalSection(SolutionProperties) = preSolution
		HideSolutionNode = FALSE
	EndGlobalSection
	GlobalSection(ExtensibilityGlobals) = postSolution
		SolutionGuid = {A95F48D6-AB40-4A88-BA0F-48684BF36DA4}
	EndGlobalSection
EndGlobal
